// !$*UTF8*$!
{
	archiveVersion = 1;
	classes = {
	};
	objectVersion = 56;
	objects = {

/* Begin PBXBuildFile section */
		7D52384C2973768400FCF349 /* Gender.swift in Sources */ = {isa = PBXBuildFile; fileRef = 7D52384B2973768400FCF349 /* Gender.swift */; };
		7D61BD542975D12C008D8502 /* SignUpUIState.swift in Sources */ = {isa = PBXBuildFile; fileRef = 7D61BD532975D12C008D8502 /* SignUpUIState.swift */; };
		7D61BD562975D1AD008D8502 /* SignUpViewModel.swift in Sources */ = {isa = PBXBuildFile; fileRef = 7D61BD552975D1AD008D8502 /* SignUpViewModel.swift */; };
		7D61BD582975D2FB008D8502 /* SignUpViewRouter.swift in Sources */ = {isa = PBXBuildFile; fileRef = 7D61BD572975D2FB008D8502 /* SignUpViewRouter.swift */; };
		7D6DCCD1296F9414001BB461 /* SignUpView.swift in Sources */ = {isa = PBXBuildFile; fileRef = 7D6DCCD0296F9414001BB461 /* SignUpView.swift */; };
		7D82E51B2965DF1B007E4405 /* SplashViewModel.swift in Sources */ = {isa = PBXBuildFile; fileRef = 7D82E51A2965DF1B007E4405 /* SplashViewModel.swift */; };
		7D904840293D650A00E66624 /* HabitosProApp.swift in Sources */ = {isa = PBXBuildFile; fileRef = 7D90483F293D650A00E66624 /* HabitosProApp.swift */; };
		7D904844293D650C00E66624 /* Assets.xcassets in Resources */ = {isa = PBXBuildFile; fileRef = 7D904843293D650C00E66624 /* Assets.xcassets */; };
		7D904847293D650C00E66624 /* Preview Assets.xcassets in Resources */ = {isa = PBXBuildFile; fileRef = 7D904846293D650C00E66624 /* Preview Assets.xcassets */; };
		7D91AFDB294695CC00363000 /* SplashView.swift in Sources */ = {isa = PBXBuildFile; fileRef = 7D91AFDA294695CC00363000 /* SplashView.swift */; };
		7D91AFDD2946983700363000 /* SplashUIState.swift in Sources */ = {isa = PBXBuildFile; fileRef = 7D91AFDC2946983700363000 /* SplashUIState.swift */; };
		7DB8FF36296748CF004F3B6E /* SignInView.swift in Sources */ = {isa = PBXBuildFile; fileRef = 7DB8FF35296748CF004F3B6E /* SignInView.swift */; };
		7DB8FF3829674968004F3B6E /* SignInViewModel.swift in Sources */ = {isa = PBXBuildFile; fileRef = 7DB8FF3729674968004F3B6E /* SignInViewModel.swift */; };
		7DB8FF3A29674A89004F3B6E /* SplashViewRouter.swift in Sources */ = {isa = PBXBuildFile; fileRef = 7DB8FF3929674A89004F3B6E /* SplashViewRouter.swift */; };
		7DE5C82A29722134003ECCFD /* SignInViewRouter.swift in Sources */ = {isa = PBXBuildFile; fileRef = 7DE5C82929722134003ECCFD /* SignInViewRouter.swift */; };
		7DE5C82C297222B5003ECCFD /* SignInUiState.swift in Sources */ = {isa = PBXBuildFile; fileRef = 7DE5C82B297222B5003ECCFD /* SignInUiState.swift */; };
		7DE5C832297225AF003ECCFD /* HomeView.swift in Sources */ = {isa = PBXBuildFile; fileRef = 7DE5C831297225AF003ECCFD /* HomeView.swift */; };
		7DE5C834297225CB003ECCFD /* HomeViewModel.swift in Sources */ = {isa = PBXBuildFile; fileRef = 7DE5C833297225CB003ECCFD /* HomeViewModel.swift */; };
/* End PBXBuildFile section */

/* Begin PBXFileReference section */
		7D52384B2973768400FCF349 /* Gender.swift */ = {isa = PBXFileReference; lastKnownFileType = sourcecode.swift; path = Gender.swift; sourceTree = "<group>"; };
		7D61BD532975D12C008D8502 /* SignUpUIState.swift */ = {isa = PBXFileReference; lastKnownFileType = sourcecode.swift; path = SignUpUIState.swift; sourceTree = "<group>"; };
		7D61BD552975D1AD008D8502 /* SignUpViewModel.swift */ = {isa = PBXFileReference; lastKnownFileType = sourcecode.swift; path = SignUpViewModel.swift; sourceTree = "<group>"; };
		7D61BD572975D2FB008D8502 /* SignUpViewRouter.swift */ = {isa = PBXFileReference; lastKnownFileType = sourcecode.swift; path = SignUpViewRouter.swift; sourceTree = "<group>"; };
		7D6DCCD0296F9414001BB461 /* SignUpView.swift */ = {isa = PBXFileReference; lastKnownFileType = sourcecode.swift; path = SignUpView.swift; sourceTree = "<group>"; };
		7D82E51A2965DF1B007E4405 /* SplashViewModel.swift */ = {isa = PBXFileReference; lastKnownFileType = sourcecode.swift; path = SplashViewModel.swift; sourceTree = "<group>"; };
		7D90483C293D650A00E66624 /* HabitosPro.app */ = {isa = PBXFileReference; explicitFileType = wrapper.application; includeInIndex = 0; path = HabitosPro.app; sourceTree = BUILT_PRODUCTS_DIR; };
		7D90483F293D650A00E66624 /* HabitosProApp.swift */ = {isa = PBXFileReference; lastKnownFileType = sourcecode.swift; path = HabitosProApp.swift; sourceTree = "<group>"; };
		7D904843293D650C00E66624 /* Assets.xcassets */ = {isa = PBXFileReference; lastKnownFileType = folder.assetcatalog; path = Assets.xcassets; sourceTree = "<group>"; };
		7D904846293D650C00E66624 /* Preview Assets.xcassets */ = {isa = PBXFileReference; lastKnownFileType = folder.assetcatalog; path = "Preview Assets.xcassets"; sourceTree = "<group>"; };
		7D91AFDA294695CC00363000 /* SplashView.swift */ = {isa = PBXFileReference; lastKnownFileType = sourcecode.swift; path = SplashView.swift; sourceTree = "<group>"; };
		7D91AFDC2946983700363000 /* SplashUIState.swift */ = {isa = PBXFileReference; lastKnownFileType = sourcecode.swift; path = SplashUIState.swift; sourceTree = "<group>"; };
		7DB8FF35296748CF004F3B6E /* SignInView.swift */ = {isa = PBXFileReference; lastKnownFileType = sourcecode.swift; path = SignInView.swift; sourceTree = "<group>"; };
		7DB8FF3729674968004F3B6E /* SignInViewModel.swift */ = {isa = PBXFileReference; lastKnownFileType = sourcecode.swift; path = SignInViewModel.swift; sourceTree = "<group>"; };
		7DB8FF3929674A89004F3B6E /* SplashViewRouter.swift */ = {isa = PBXFileReference; lastKnownFileType = sourcecode.swift; path = SplashViewRouter.swift; sourceTree = "<group>"; };
		7DE5C82929722134003ECCFD /* SignInViewRouter.swift */ = {isa = PBXFileReference; lastKnownFileType = sourcecode.swift; path = SignInViewRouter.swift; sourceTree = "<group>"; };
		7DE5C82B297222B5003ECCFD /* SignInUiState.swift */ = {isa = PBXFileReference; lastKnownFileType = sourcecode.swift; path = SignInUiState.swift; sourceTree = "<group>"; };
		7DE5C831297225AF003ECCFD /* HomeView.swift */ = {isa = PBXFileReference; lastKnownFileType = sourcecode.swift; path = HomeView.swift; sourceTree = "<group>"; };
		7DE5C833297225CB003ECCFD /* HomeViewModel.swift */ = {isa = PBXFileReference; lastKnownFileType = sourcecode.swift; path = HomeViewModel.swift; sourceTree = "<group>"; };
/* End PBXFileReference section */

/* Begin PBXFrameworksBuildPhase section */
		7D904839293D650A00E66624 /* Frameworks */ = {
			isa = PBXFrameworksBuildPhase;
			buildActionMask = 2147483647;
			files = (
			);
			runOnlyForDeploymentPostprocessing = 0;
		};
/* End PBXFrameworksBuildPhase section */

/* Begin PBXGroup section */
		7D52384A2973765000FCF349 /* Common */ = {
			isa = PBXGroup;
			children = (
				7D52384B2973768400FCF349 /* Gender.swift */,
			);
			path = Common;
			sourceTree = "<group>";
		};
		7D6DCCCC296F93B4001BB461 /* SignUp */ = {
			isa = PBXGroup;
			children = (
				7D6DCCCF296F93E6001BB461 /* View */,
				7D6DCCCE296F93DD001BB461 /* ViewModel */,
				7D6DCCCD296F93D7001BB461 /* Model */,
			);
			path = SignUp;
			sourceTree = "<group>";
		};
		7D6DCCCD296F93D7001BB461 /* Model */ = {
			isa = PBXGroup;
			children = (
				7D61BD532975D12C008D8502 /* SignUpUIState.swift */,
			);
			path = Model;
			sourceTree = "<group>";
		};
		7D6DCCCE296F93DD001BB461 /* ViewModel */ = {
			isa = PBXGroup;
			children = (
				7D61BD552975D1AD008D8502 /* SignUpViewModel.swift */,
				7D61BD572975D2FB008D8502 /* SignUpViewRouter.swift */,
			);
			path = ViewModel;
			sourceTree = "<group>";
		};
		7D6DCCCF296F93E6001BB461 /* View */ = {
			isa = PBXGroup;
			children = (
				7D6DCCD0296F9414001BB461 /* SignUpView.swift */,
			);
			path = View;
			sourceTree = "<group>";
		};
		7D82E5192965DEE9007E4405 /* ViewModel */ = {
			isa = PBXGroup;
			children = (
				7D82E51A2965DF1B007E4405 /* SplashViewModel.swift */,
				7DB8FF3929674A89004F3B6E /* SplashViewRouter.swift */,
			);
			path = ViewModel;
			sourceTree = "<group>";
		};
		7D904833293D650A00E66624 = {
			isa = PBXGroup;
			children = (
				7D90483E293D650A00E66624 /* HabitosPro */,
				7D90483D293D650A00E66624 /* Products */,
			);
			sourceTree = "<group>";
		};
		7D90483D293D650A00E66624 /* Products */ = {
			isa = PBXGroup;
			children = (
				7D90483C293D650A00E66624 /* HabitosPro.app */,
			);
			name = Products;
			sourceTree = "<group>";
		};
		7D90483E293D650A00E66624 /* HabitosPro */ = {
			isa = PBXGroup;
			children = (
				7D52384A2973765000FCF349 /* Common */,
				7DE5C82D2972255B003ECCFD /* Home */,
				7D6DCCCC296F93B4001BB461 /* SignUp */,
				7DB8FF3129674829004F3B6E /* SignIn */,
				7D91AFD72946956000363000 /* Splash */,
				7D90483F293D650A00E66624 /* HabitosProApp.swift */,
				7D904843293D650C00E66624 /* Assets.xcassets */,
				7D904845293D650C00E66624 /* Preview Content */,
			);
			path = HabitosPro;
			sourceTree = "<group>";
		};
		7D904845293D650C00E66624 /* Preview Content */ = {
			isa = PBXGroup;
			children = (
				7D904846293D650C00E66624 /* Preview Assets.xcassets */,
			);
			path = "Preview Content";
			sourceTree = "<group>";
		};
		7D91AFD72946956000363000 /* Splash */ = {
			isa = PBXGroup;
			children = (
				7D82E5192965DEE9007E4405 /* ViewModel */,
				7D91AFD9294695B900363000 /* Model */,
				7D91AFD8294695B300363000 /* View */,
			);
			path = Splash;
			sourceTree = "<group>";
		};
		7D91AFD8294695B300363000 /* View */ = {
			isa = PBXGroup;
			children = (
				7D91AFDA294695CC00363000 /* SplashView.swift */,
			);
			path = View;
			sourceTree = "<group>";
		};
		7D91AFD9294695B900363000 /* Model */ = {
			isa = PBXGroup;
			children = (
				7D91AFDC2946983700363000 /* SplashUIState.swift */,
			);
			path = Model;
			sourceTree = "<group>";
		};
		7DB8FF3129674829004F3B6E /* SignIn */ = {
			isa = PBXGroup;
			children = (
				7DB8FF342967485B004F3B6E /* View */,
				7DB8FF3229674843004F3B6E /* ViewModel */,
				7DB8FF3329674850004F3B6E /* Model */,
			);
			path = SignIn;
			sourceTree = "<group>";
		};
		7DB8FF3229674843004F3B6E /* ViewModel */ = {
			isa = PBXGroup;
			children = (
				7DB8FF3729674968004F3B6E /* SignInViewModel.swift */,
				7DE5C82929722134003ECCFD /* SignInViewRouter.swift */,
			);
			path = ViewModel;
			sourceTree = "<group>";
		};
		7DB8FF3329674850004F3B6E /* Model */ = {
			isa = PBXGroup;
			children = (
				7DE5C82B297222B5003ECCFD /* SignInUiState.swift */,
			);
			path = Model;
			sourceTree = "<group>";
		};
		7DB8FF342967485B004F3B6E /* View */ = {
			isa = PBXGroup;
			children = (
				7DB8FF35296748CF004F3B6E /* SignInView.swift */,
			);
			path = View;
			sourceTree = "<group>";
		};
		7DE5C82D2972255B003ECCFD /* Home */ = {
			isa = PBXGroup;
			children = (
				7DE5C83029722593003ECCFD /* View */,
				7DE5C82F29722587003ECCFD /* ViewModel */,
				7DE5C82E29722564003ECCFD /* Model */,
			);
			path = Home;
			sourceTree = "<group>";
		};
		7DE5C82E29722564003ECCFD /* Model */ = {
			isa = PBXGroup;
			children = (
			);
			path = Model;
			sourceTree = "<group>";
		};
		7DE5C82F29722587003ECCFD /* ViewModel */ = {
			isa = PBXGroup;
			children = (
				7DE5C833297225CB003ECCFD /* HomeViewModel.swift */,
			);
			path = ViewModel;
			sourceTree = "<group>";
		};
		7DE5C83029722593003ECCFD /* View */ = {
			isa = PBXGroup;
			children = (
				7DE5C831297225AF003ECCFD /* HomeView.swift */,
			);
			path = View;
			sourceTree = "<group>";
		};
/* End PBXGroup section */

/* Begin PBXNativeTarget section */
		7D90483B293D650A00E66624 /* HabitosPro */ = {
			isa = PBXNativeTarget;
			buildConfigurationList = 7D90484A293D650C00E66624 /* Build configuration list for PBXNativeTarget "HabitosPro" */;
			buildPhases = (
				7D904838293D650A00E66624 /* Sources */,
				7D904839293D650A00E66624 /* Frameworks */,
				7D90483A293D650A00E66624 /* Resources */,
			);
			buildRules = (
			);
			dependencies = (
			);
			name = HabitosPro;
			productName = HabitosPro;
			productReference = 7D90483C293D650A00E66624 /* HabitosPro.app */;
			productType = "com.apple.product-type.application";
		};
/* End PBXNativeTarget section */

/* Begin PBXProject section */
		7D904834293D650A00E66624 /* Project object */ = {
			isa = PBXProject;
			attributes = {
				BuildIndependentTargetsInParallel = 1;
				LastSwiftUpdateCheck = 1410;
				LastUpgradeCheck = 1410;
				TargetAttributes = {
					7D90483B293D650A00E66624 = {
						CreatedOnToolsVersion = 14.1;
					};
				};
			};
			buildConfigurationList = 7D904837293D650A00E66624 /* Build configuration list for PBXProject "HabitosPro" */;
			compatibilityVersion = "Xcode 14.0";
			developmentRegion = en;
			hasScannedForEncodings = 0;
			knownRegions = (
				en,
				Base,
			);
			mainGroup = 7D904833293D650A00E66624;
			productRefGroup = 7D90483D293D650A00E66624 /* Products */;
			projectDirPath = "";
			projectRoot = "";
			targets = (
				7D90483B293D650A00E66624 /* HabitosPro */,
			);
		};
/* End PBXProject section */

/* Begin PBXResourcesBuildPhase section */
		7D90483A293D650A00E66624 /* Resources */ = {
			isa = PBXResourcesBuildPhase;
			buildActionMask = 2147483647;
			files = (
				7D904847293D650C00E66624 /* Preview Assets.xcassets in Resources */,
				7D904844293D650C00E66624 /* Assets.xcassets in Resources */,
			);
			runOnlyForDeploymentPostprocessing = 0;
		};
/* End PBXResourcesBuildPhase section */

/* Begin PBXSourcesBuildPhase section */
		7D904838293D650A00E66624 /* Sources */ = {
			isa = PBXSourcesBuildPhase;
			buildActionMask = 2147483647;
			files = (
				7D91AFDD2946983700363000 /* SplashUIState.swift in Sources */,
				7D904840293D650A00E66624 /* HabitosProApp.swift in Sources */,
				7DB8FF3829674968004F3B6E /* SignInViewModel.swift in Sources */,
				7D61BD582975D2FB008D8502 /* SignUpViewRouter.swift in Sources */,
				7DE5C82A29722134003ECCFD /* SignInViewRouter.swift in Sources */,
				7D91AFDB294695CC00363000 /* SplashView.swift in Sources */,
				7DE5C832297225AF003ECCFD /* HomeView.swift in Sources */,
				7DE5C82C297222B5003ECCFD /* SignInUiState.swift in Sources */,
				7D61BD562975D1AD008D8502 /* SignUpViewModel.swift in Sources */,
				7D61BD542975D12C008D8502 /* SignUpUIState.swift in Sources */,
				7DE5C834297225CB003ECCFD /* HomeViewModel.swift in Sources */,
				7D52384C2973768400FCF349 /* Gender.swift in Sources */,
				7D6DCCD1296F9414001BB461 /* SignUpView.swift in Sources */,
				7D82E51B2965DF1B007E4405 /* SplashViewModel.swift in Sources */,
				7DB8FF3A29674A89004F3B6E /* SplashViewRouter.swift in Sources */,
				7DB8FF36296748CF004F3B6E /* SignInView.swift in Sources */,
			);
			runOnlyForDeploymentPostprocessing = 0;
		};
/* End PBXSourcesBuildPhase section */

/* Begin XCBuildConfiguration section */
		7D904848293D650C00E66624 /* Debug */ = {
			isa = XCBuildConfiguration;
			buildSettings = {
				ALWAYS_SEARCH_USER_PATHS = NO;
				CLANG_ANALYZER_NONNULL = YES;
				CLANG_ANALYZER_NUMBER_OBJECT_CONVERSION = YES_AGGRESSIVE;
				CLANG_CXX_LANGUAGE_STANDARD = "gnu++20";
				CLANG_ENABLE_MODULES = YES;
				CLANG_ENABLE_OBJC_ARC = YES;
				CLANG_ENABLE_OBJC_WEAK = YES;
				CLANG_WARN_BLOCK_CAPTURE_AUTORELEASING = YES;
				CLANG_WARN_BOOL_CONVERSION = YES;
				CLANG_WARN_COMMA = YES;
				CLANG_WARN_CONSTANT_CONVERSION = YES;
				CLANG_WARN_DEPRECATED_OBJC_IMPLEMENTATIONS = YES;
				CLANG_WARN_DIRECT_OBJC_ISA_USAGE = YES_ERROR;
				CLANG_WARN_DOCUMENTATION_COMMENTS = YES;
				CLANG_WARN_EMPTY_BODY = YES;
				CLANG_WARN_ENUM_CONVERSION = YES;
				CLANG_WARN_INFINITE_RECURSION = YES;
				CLANG_WARN_INT_CONVERSION = YES;
				CLANG_WARN_NON_LITERAL_NULL_CONVERSION = YES;
				CLANG_WARN_OBJC_IMPLICIT_RETAIN_SELF = YES;
				CLANG_WARN_OBJC_LITERAL_CONVERSION = YES;
				CLANG_WARN_OBJC_ROOT_CLASS = YES_ERROR;
				CLANG_WARN_QUOTED_INCLUDE_IN_FRAMEWORK_HEADER = YES;
				CLANG_WARN_RANGE_LOOP_ANALYSIS = YES;
				CLANG_WARN_STRICT_PROTOTYPES = YES;
				CLANG_WARN_SUSPICIOUS_MOVE = YES;
				CLANG_WARN_UNGUARDED_AVAILABILITY = YES_AGGRESSIVE;
				CLANG_WARN_UNREACHABLE_CODE = YES;
				CLANG_WARN__DUPLICATE_METHOD_MATCH = YES;
				COPY_PHASE_STRIP = NO;
				DEBUG_INFORMATION_FORMAT = dwarf;
				ENABLE_STRICT_OBJC_MSGSEND = YES;
				ENABLE_TESTABILITY = YES;
				GCC_C_LANGUAGE_STANDARD = gnu11;
				GCC_DYNAMIC_NO_PIC = NO;
				GCC_NO_COMMON_BLOCKS = YES;
				GCC_OPTIMIZATION_LEVEL = 0;
				GCC_PREPROCESSOR_DEFINITIONS = (
					"DEBUG=1",
					"$(inherited)",
				);
				GCC_WARN_64_TO_32_BIT_CONVERSION = YES;
				GCC_WARN_ABOUT_RETURN_TYPE = YES_ERROR;
				GCC_WARN_UNDECLARED_SELECTOR = YES;
				GCC_WARN_UNINITIALIZED_AUTOS = YES_AGGRESSIVE;
				GCC_WARN_UNUSED_FUNCTION = YES;
				GCC_WARN_UNUSED_VARIABLE = YES;
				IPHONEOS_DEPLOYMENT_TARGET = 16.1;
				MTL_ENABLE_DEBUG_INFO = INCLUDE_SOURCE;
				MTL_FAST_MATH = YES;
				ONLY_ACTIVE_ARCH = YES;
				SDKROOT = iphoneos;
				SWIFT_ACTIVE_COMPILATION_CONDITIONS = DEBUG;
				SWIFT_OPTIMIZATION_LEVEL = "-Onone";
			};
			name = Debug;
		};
		7D904849293D650C00E66624 /* Release */ = {
			isa = XCBuildConfiguration;
			buildSettings = {
				ALWAYS_SEARCH_USER_PATHS = NO;
				CLANG_ANALYZER_NONNULL = YES;
				CLANG_ANALYZER_NUMBER_OBJECT_CONVERSION = YES_AGGRESSIVE;
				CLANG_CXX_LANGUAGE_STANDARD = "gnu++20";
				CLANG_ENABLE_MODULES = YES;
				CLANG_ENABLE_OBJC_ARC = YES;
				CLANG_ENABLE_OBJC_WEAK = YES;
				CLANG_WARN_BLOCK_CAPTURE_AUTORELEASING = YES;
				CLANG_WARN_BOOL_CONVERSION = YES;
				CLANG_WARN_COMMA = YES;
				CLANG_WARN_CONSTANT_CONVERSION = YES;
				CLANG_WARN_DEPRECATED_OBJC_IMPLEMENTATIONS = YES;
				CLANG_WARN_DIRECT_OBJC_ISA_USAGE = YES_ERROR;
				CLANG_WARN_DOCUMENTATION_COMMENTS = YES;
				CLANG_WARN_EMPTY_BODY = YES;
				CLANG_WARN_ENUM_CONVERSION = YES;
				CLANG_WARN_INFINITE_RECURSION = YES;
				CLANG_WARN_INT_CONVERSION = YES;
				CLANG_WARN_NON_LITERAL_NULL_CONVERSION = YES;
				CLANG_WARN_OBJC_IMPLICIT_RETAIN_SELF = YES;
				CLANG_WARN_OBJC_LITERAL_CONVERSION = YES;
				CLANG_WARN_OBJC_ROOT_CLASS = YES_ERROR;
				CLANG_WARN_QUOTED_INCLUDE_IN_FRAMEWORK_HEADER = YES;
				CLANG_WARN_RANGE_LOOP_ANALYSIS = YES;
				CLANG_WARN_STRICT_PROTOTYPES = YES;
				CLANG_WARN_SUSPICIOUS_MOVE = YES;
				CLANG_WARN_UNGUARDED_AVAILABILITY = YES_AGGRESSIVE;
				CLANG_WARN_UNREACHABLE_CODE = YES;
				CLANG_WARN__DUPLICATE_METHOD_MATCH = YES;
				COPY_PHASE_STRIP = NO;
				DEBUG_INFORMATION_FORMAT = "dwarf-with-dsym";
				ENABLE_NS_ASSERTIONS = NO;
				ENABLE_STRICT_OBJC_MSGSEND = YES;
				GCC_C_LANGUAGE_STANDARD = gnu11;
				GCC_NO_COMMON_BLOCKS = YES;
				GCC_WARN_64_TO_32_BIT_CONVERSION = YES;
				GCC_WARN_ABOUT_RETURN_TYPE = YES_ERROR;
				GCC_WARN_UNDECLARED_SELECTOR = YES;
				GCC_WARN_UNINITIALIZED_AUTOS = YES_AGGRESSIVE;
				GCC_WARN_UNUSED_FUNCTION = YES;
				GCC_WARN_UNUSED_VARIABLE = YES;
				IPHONEOS_DEPLOYMENT_TARGET = 16.1;
				MTL_ENABLE_DEBUG_INFO = NO;
				MTL_FAST_MATH = YES;
				SDKROOT = iphoneos;
				SWIFT_COMPILATION_MODE = wholemodule;
				SWIFT_OPTIMIZATION_LEVEL = "-O";
				VALIDATE_PRODUCT = YES;
			};
			name = Release;
		};
		7D90484B293D650C00E66624 /* Debug */ = {
			isa = XCBuildConfiguration;
			buildSettings = {
				ASSETCATALOG_COMPILER_APPICON_NAME = AppIcon;
				ASSETCATALOG_COMPILER_GLOBAL_ACCENT_COLOR_NAME = AccentColor;
				CODE_SIGN_STYLE = Automatic;
				CURRENT_PROJECT_VERSION = 1;
				DEVELOPMENT_ASSET_PATHS = "\"HabitosPro/Preview Content\"";
				DEVELOPMENT_TEAM = X38G33KM7M;
				ENABLE_PREVIEWS = YES;
				GENERATE_INFOPLIST_FILE = YES;
				INFOPLIST_KEY_UIApplicationSceneManifest_Generation = YES;
				INFOPLIST_KEY_UIApplicationSupportsIndirectInputEvents = YES;
				INFOPLIST_KEY_UILaunchScreen_Generation = YES;
				INFOPLIST_KEY_UISupportedInterfaceOrientations_iPad = "UIInterfaceOrientationPortrait UIInterfaceOrientationPortraitUpsideDown UIInterfaceOrientationLandscapeLeft UIInterfaceOrientationLandscapeRight";
				INFOPLIST_KEY_UISupportedInterfaceOrientations_iPhone = "UIInterfaceOrientationPortrait UIInterfaceOrientationLandscapeLeft UIInterfaceOrientationLandscapeRight";
				LD_RUNPATH_SEARCH_PATHS = (
					"$(inherited)",
					"@executable_path/Frameworks",
				);
				MARKETING_VERSION = 1.0;
				PRODUCT_BUNDLE_IDENTIFIER = PA.HabitosPro;
				PRODUCT_NAME = "$(TARGET_NAME)";
				SWIFT_EMIT_LOC_STRINGS = YES;
				SWIFT_VERSION = 5.0;
				TARGETED_DEVICE_FAMILY = "1,2";
			};
			name = Debug;
		};
		7D90484C293D650C00E66624 /* Release */ = {
			isa = XCBuildConfiguration;
			buildSettings = {
				ASSETCATALOG_COMPILER_APPICON_NAME = AppIcon;
				ASSETCATALOG_COMPILER_GLOBAL_ACCENT_COLOR_NAME = AccentColor;
				CODE_SIGN_STYLE = Automatic;
				CURRENT_PROJECT_VERSION = 1;
				DEVELOPMENT_ASSET_PATHS = "\"HabitosPro/Preview Content\"";
				DEVELOPMENT_TEAM = X38G33KM7M;
				ENABLE_PREVIEWS = YES;
				GENERATE_INFOPLIST_FILE = YES;
				INFOPLIST_KEY_UIApplicationSceneManifest_Generation = YES;
				INFOPLIST_KEY_UIApplicationSupportsIndirectInputEvents = YES;
				INFOPLIST_KEY_UILaunchScreen_Generation = YES;
				INFOPLIST_KEY_UISupportedInterfaceOrientations_iPad = "UIInterfaceOrientationPortrait UIInterfaceOrientationPortraitUpsideDown UIInterfaceOrientationLandscapeLeft UIInterfaceOrientationLandscapeRight";
				INFOPLIST_KEY_UISupportedInterfaceOrientations_iPhone = "UIInterfaceOrientationPortrait UIInterfaceOrientationLandscapeLeft UIInterfaceOrientationLandscapeRight";
				LD_RUNPATH_SEARCH_PATHS = (
					"$(inherited)",
					"@executable_path/Frameworks",
				);
				MARKETING_VERSION = 1.0;
				PRODUCT_BUNDLE_IDENTIFIER = PA.HabitosPro;
				PRODUCT_NAME = "$(TARGET_NAME)";
				SWIFT_EMIT_LOC_STRINGS = YES;
				SWIFT_VERSION = 5.0;
				TARGETED_DEVICE_FAMILY = "1,2";
			};
			name = Release;
		};
/* End XCBuildConfiguration section */

/* Begin XCConfigurationList section */
		7D904837293D650A00E66624 /* Build configuration list for PBXProject "HabitosPro" */ = {
			isa = XCConfigurationList;
			buildConfigurations = (
				7D904848293D650C00E66624 /* Debug */,
				7D904849293D650C00E66624 /* Release */,
			);
			defaultConfigurationIsVisible = 0;
			defaultConfigurationName = Release;
		};
		7D90484A293D650C00E66624 /* Build configuration list for PBXNativeTarget "HabitosPro" */ = {
			isa = XCConfigurationList;
			buildConfigurations = (
				7D90484B293D650C00E66624 /* Debug */,
				7D90484C293D650C00E66624 /* Release */,
			);
			defaultConfigurationIsVisible = 0;
			defaultConfigurationName = Release;
		};
/* End XCConfigurationList section */
	};
	rootObject = 7D904834293D650A00E66624 /* Project object */;
}
